// !$*UTF8*$!
{
	archiveVersion = 1;
	classes = {
	};
	objectVersion = 48;
	objects = {

/* Begin PBXBuildFile section */
		3CF2B78A20B543FD0003956C /* AppDelegate.m in Sources */ = {isa = PBXBuildFile; fileRef = 3CF2B78920B543FD0003956C /* AppDelegate.m */; };
		3CF2B78D20B543FD0003956C /* ViewController.m in Sources */ = {isa = PBXBuildFile; fileRef = 3CF2B78C20B543FD0003956C /* ViewController.m */; };
		3CF2B79020B543FD0003956C /* Main.storyboard in Resources */ = {isa = PBXBuildFile; fileRef = 3CF2B78E20B543FD0003956C /* Main.storyboard */; };
		3CF2B79220B543FD0003956C /* Assets.xcassets in Resources */ = {isa = PBXBuildFile; fileRef = 3CF2B79120B543FD0003956C /* Assets.xcassets */; };
		3CF2B79520B543FD0003956C /* LaunchScreen.storyboard in Resources */ = {isa = PBXBuildFile; fileRef = 3CF2B79320B543FD0003956C /* LaunchScreen.storyboard */; };
		3CF2B79820B543FD0003956C /* main.m in Sources */ = {isa = PBXBuildFile; fileRef = 3CF2B79720B543FD0003956C /* main.m */; };
		3CF2B7A220B543FD0003956C /* ____demoTests.m in Sources */ = {isa = PBXBuildFile; fileRef = 3CF2B7A120B543FD0003956C /* ____demoTests.m */; };
		3CF2B7AD20B543FD0003956C /* ____demoUITests.m in Sources */ = {isa = PBXBuildFile; fileRef = 3CF2B7AC20B543FD0003956C /* ____demoUITests.m */; };
/* End PBXBuildFile section */

/* Begin PBXContainerItemProxy section */
		3CF2B79E20B543FD0003956C /* PBXContainerItemProxy */ = {
			isa = PBXContainerItemProxy;
			containerPortal = 3CF2B77D20B543FD0003956C /* Project object */;
			proxyType = 1;
			remoteGlobalIDString = 3CF2B78420B543FD0003956C;
			remoteInfo = "活体检测demo";
		};
		3CF2B7A920B543FD0003956C /* PBXContainerItemProxy */ = {
			isa = PBXContainerItemProxy;
			containerPortal = 3CF2B77D20B543FD0003956C /* Project object */;
			proxyType = 1;
			remoteGlobalIDString = 3CF2B78420B543FD0003956C;
			remoteInfo = "活体检测demo";
		};
/* End PBXContainerItemProxy section */

/* Begin PBXFileReference section */
		3CF2B78520B543FD0003956C /* 活体检测demo.app */ = {isa = PBXFileReference; explicitFileType = wrapper.application; includeInIndex = 0; path = "活体检测demo.app"; sourceTree = BUILT_PRODUCTS_DIR; };
		3CF2B78820B543FD0003956C /* AppDelegate.h */ = {isa = PBXFileReference; lastKnownFileType = sourcecode.c.h; path = AppDelegate.h; sourceTree = "<group>"; };
		3CF2B78920B543FD0003956C /* AppDelegate.m */ = {isa = PBXFileReference; lastKnownFileType = sourcecode.c.objc; path = AppDelegate.m; sourceTree = "<group>"; };
		3CF2B78B20B543FD0003956C /* ViewController.h */ = {isa = PBXFileReference; lastKnownFileType = sourcecode.c.h; path = ViewController.h; sourceTree = "<group>"; };
		3CF2B78C20B543FD0003956C /* ViewController.m */ = {isa = PBXFileReference; lastKnownFileType = sourcecode.c.objc; path = ViewController.m; sourceTree = "<group>"; };
		3CF2B78F20B543FD0003956C /* Base */ = {isa = PBXFileReference; lastKnownFileType = file.storyboard; name = Base; path = Base.lproj/Main.storyboard; sourceTree = "<group>"; };
		3CF2B79120B543FD0003956C /* Assets.xcassets */ = {isa = PBXFileReference; lastKnownFileType = folder.assetcatalog; path = Assets.xcassets; sourceTree = "<group>"; };
		3CF2B79420B543FD0003956C /* Base */ = {isa = PBXFileReference; lastKnownFileType = file.storyboard; name = Base; path = Base.lproj/LaunchScreen.storyboard; sourceTree = "<group>"; };
		3CF2B79620B543FD0003956C /* Info.plist */ = {isa = PBXFileReference; lastKnownFileType = text.plist.xml; path = Info.plist; sourceTree = "<group>"; };
		3CF2B79720B543FD0003956C /* main.m */ = {isa = PBXFileReference; lastKnownFileType = sourcecode.c.objc; path = main.m; sourceTree = "<group>"; };
		3CF2B79D20B543FD0003956C /* 活体检测demoTests.xctest */ = {isa = PBXFileReference; explicitFileType = wrapper.cfbundle; includeInIndex = 0; path = "活体检测demoTests.xctest"; sourceTree = BUILT_PRODUCTS_DIR; };
		3CF2B7A120B543FD0003956C /* ____demoTests.m */ = {isa = PBXFileReference; lastKnownFileType = sourcecode.c.objc; path = "____demoTests.m"; sourceTree = "<group>"; };
		3CF2B7A320B543FD0003956C /* Info.plist */ = {isa = PBXFileReference; lastKnownFileType = text.plist.xml; path = Info.plist; sourceTree = "<group>"; };
		3CF2B7A820B543FD0003956C /* 活体检测demoUITests.xctest */ = {isa = PBXFileReference; explicitFileType = wrapper.cfbundle; includeInIndex = 0; path = "活体检测demoUITests.xctest"; sourceTree = BUILT_PRODUCTS_DIR; };
		3CF2B7AC20B543FD0003956C /* ____demoUITests.m */ = {isa = PBXFileReference; lastKnownFileType = sourcecode.c.objc; path = "____demoUITests.m"; sourceTree = "<group>"; };
		3CF2B7AE20B543FD0003956C /* Info.plist */ = {isa = PBXFileReference; lastKnownFileType = text.plist.xml; path = Info.plist; sourceTree = "<group>"; };
/* End PBXFileReference section */

/* Begin PBXFrameworksBuildPhase section */
		3CF2B78220B543FD0003956C /* Frameworks */ = {
			isa = PBXFrameworksBuildPhase;
			buildActionMask = 2147483647;
			files = (
			);
			runOnlyForDeploymentPostprocessing = 0;
		};
		3CF2B79A20B543FD0003956C /* Frameworks */ = {
			isa = PBXFrameworksBuildPhase;
			buildActionMask = 2147483647;
			files = (
			);
			runOnlyForDeploymentPostprocessing = 0;
		};
		3CF2B7A520B543FD0003956C /* Frameworks */ = {
			isa = PBXFrameworksBuildPhase;
			buildActionMask = 2147483647;
			files = (
			);
			runOnlyForDeploymentPostprocessing = 0;
		};
/* End PBXFrameworksBuildPhase section */

/* Begin PBXGroup section */
		3CF2B77C20B543FD0003956C = {
			isa = PBXGroup;
			children = (
				3CF2B78720B543FD0003956C /* 活体检测demo */,
				3CF2B7A020B543FD0003956C /* 活体检测demoTests */,
				3CF2B7AB20B543FD0003956C /* 活体检测demoUITests */,
				3CF2B78620B543FD0003956C /* Products */,
			);
			sourceTree = "<group>";
		};
		3CF2B78620B543FD0003956C /* Products */ = {
			isa = PBXGroup;
			children = (
				3CF2B78520B543FD0003956C /* 活体检测demo.app */,
				3CF2B79D20B543FD0003956C /* 活体检测demoTests.xctest */,
				3CF2B7A820B543FD0003956C /* 活体检测demoUITests.xctest */,
			);
			name = Products;
			sourceTree = "<group>";
		};
		3CF2B78720B543FD0003956C /* 活体检测demo */ = {
			isa = PBXGroup;
			children = (
				3CF2B78820B543FD0003956C /* AppDelegate.h */,
				3CF2B78920B543FD0003956C /* AppDelegate.m */,
				3CF2B78B20B543FD0003956C /* ViewController.h */,
				3CF2B78C20B543FD0003956C /* ViewController.m */,
				3CF2B78E20B543FD0003956C /* Main.storyboard */,
				3CF2B79120B543FD0003956C /* Assets.xcassets */,
				3CF2B79320B543FD0003956C /* LaunchScreen.storyboard */,
				3CF2B79620B543FD0003956C /* Info.plist */,
				3CF2B79720B543FD0003956C /* main.m */,
			);
			path = "活体检测demo";
			sourceTree = "<group>";
		};
		3CF2B7A020B543FD0003956C /* 活体检测demoTests */ = {
			isa = PBXGroup;
			children = (
				3CF2B7A120B543FD0003956C /* ____demoTests.m */,
				3CF2B7A320B543FD0003956C /* Info.plist */,
			);
			path = "活体检测demoTests";
			sourceTree = "<group>";
		};
		3CF2B7AB20B543FD0003956C /* 活体检测demoUITests */ = {
			isa = PBXGroup;
			children = (
				3CF2B7AC20B543FD0003956C /* ____demoUITests.m */,
				3CF2B7AE20B543FD0003956C /* Info.plist */,
			);
			path = "活体检测demoUITests";
			sourceTree = "<group>";
		};
/* End PBXGroup section */

/* Begin PBXNativeTarget section */
		3CF2B78420B543FD0003956C /* 活体检测demo */ = {
			isa = PBXNativeTarget;
			buildConfigurationList = 3CF2B7B120B543FD0003956C /* Build configuration list for PBXNativeTarget "活体检测demo" */;
			buildPhases = (
				3CF2B78120B543FD0003956C /* Sources */,
				3CF2B78220B543FD0003956C /* Frameworks */,
				3CF2B78320B543FD0003956C /* Resources */,
			);
			buildRules = (
			);
			dependencies = (
			);
			name = "活体检测demo";
			productName = "活体检测demo";
			productReference = 3CF2B78520B543FD0003956C /* 活体检测demo.app */;
			productType = "com.apple.product-type.application";
		};
		3CF2B79C20B543FD0003956C /* 活体检测demoTests */ = {
			isa = PBXNativeTarget;
			buildConfigurationList = 3CF2B7B420B543FD0003956C /* Build configuration list for PBXNativeTarget "活体检测demoTests" */;
			buildPhases = (
				3CF2B79920B543FD0003956C /* Sources */,
				3CF2B79A20B543FD0003956C /* Frameworks */,
				3CF2B79B20B543FD0003956C /* Resources */,
			);
			buildRules = (
			);
			dependencies = (
				3CF2B79F20B543FD0003956C /* PBXTargetDependency */,
			);
			name = "活体检测demoTests";
			productName = "活体检测demoTests";
			productReference = 3CF2B79D20B543FD0003956C /* 活体检测demoTests.xctest */;
			productType = "com.apple.product-type.bundle.unit-test";
		};
		3CF2B7A720B543FD0003956C /* 活体检测demoUITests */ = {
			isa = PBXNativeTarget;
			buildConfigurationList = 3CF2B7B720B543FD0003956C /* Build configuration list for PBXNativeTarget "活体检测demoUITests" */;
			buildPhases = (
				3CF2B7A420B543FD0003956C /* Sources */,
				3CF2B7A520B543FD0003956C /* Frameworks */,
				3CF2B7A620B543FD0003956C /* Resources */,
			);
			buildRules = (
			);
			dependencies = (
				3CF2B7AA20B543FD0003956C /* PBXTargetDependency */,
			);
			name = "活体检测demoUITests";
			productName = "活体检测demoUITests";
			productReference = 3CF2B7A820B543FD0003956C /* 活体检测demoUITests.xctest */;
			productType = "com.apple.product-type.bundle.ui-testing";
		};
/* End PBXNativeTarget section */

/* Begin PBXProject section */
		3CF2B77D20B543FD0003956C /* Project object */ = {
			isa = PBXProject;
			attributes = {
				LastUpgradeCheck = 0920;
				ORGANIZATIONNAME = "杨帆";
				TargetAttributes = {
					3CF2B78420B543FD0003956C = {
						CreatedOnToolsVersion = 9.2;
						ProvisioningStyle = Automatic;
					};
					3CF2B79C20B543FD0003956C = {
						CreatedOnToolsVersion = 9.2;
						ProvisioningStyle = Automatic;
						TestTargetID = 3CF2B78420B543FD0003956C;
					};
					3CF2B7A720B543FD0003956C = {
						CreatedOnToolsVersion = 9.2;
						ProvisioningStyle = Automatic;
						TestTargetID = 3CF2B78420B543FD0003956C;
					};
				};
			};
			buildConfigurationList = 3CF2B78020B543FD0003956C /* Build configuration list for PBXProject "活体检测demo" */;
			compatibilityVersion = "Xcode 8.0";
			developmentRegion = en;
			hasScannedForEncodings = 0;
			knownRegions = (
				en,
				Base,
			);
			mainGroup = 3CF2B77C20B543FD0003956C;
			productRefGroup = 3CF2B78620B543FD0003956C /* Products */;
			projectDirPath = "";
			projectRoot = "";
			targets = (
				3CF2B78420B543FD0003956C /* 活体检测demo */,
				3CF2B79C20B543FD0003956C /* 活体检测demoTests */,
				3CF2B7A720B543FD0003956C /* 活体检测demoUITests */,
			);
		};
/* End PBXProject section */

/* Begin PBXResourcesBuildPhase section */
		3CF2B78320B543FD0003956C /* Resources */ = {
			isa = PBXResourcesBuildPhase;
			buildActionMask = 2147483647;
			files = (
				3CF2B79520B543FD0003956C /* LaunchScreen.storyboard in Resources */,
				3CF2B79220B543FD0003956C /* Assets.xcassets in Resources */,
				3CF2B79020B543FD0003956C /* Main.storyboard in Resources */,
			);
			runOnlyForDeploymentPostprocessing = 0;
		};
		3CF2B79B20B543FD0003956C /* Resources */ = {
			isa = PBXResourcesBuildPhase;
			buildActionMask = 2147483647;
			files = (
			);
			runOnlyForDeploymentPostprocessing = 0;
		};
		3CF2B7A620B543FD0003956C /* Resources */ = {
			isa = PBXResourcesBuildPhase;
			buildActionMask = 2147483647;
			files = (
			);
			runOnlyForDeploymentPostprocessing = 0;
		};
/* End PBXResourcesBuildPhase section */

/* Begin PBXSourcesBuildPhase section */
		3CF2B78120B543FD0003956C /* Sources */ = {
			isa = PBXSourcesBuildPhase;
			buildActionMask = 2147483647;
			files = (
				3CF2B78D20B543FD0003956C /* ViewController.m in Sources */,
				3CF2B79820B543FD0003956C /* main.m in Sources */,
				3CF2B78A20B543FD0003956C /* AppDelegate.m in Sources */,
			);
			runOnlyForDeploymentPostprocessing = 0;
		};
		3CF2B79920B543FD0003956C /* Sources */ = {
			isa = PBXSourcesBuildPhase;
			buildActionMask = 2147483647;
			files = (
				3CF2B7A220B543FD0003956C /* ____demoTests.m in Sources */,
			);
			runOnlyForDeploymentPostprocessing = 0;
		};
		3CF2B7A420B543FD0003956C /* Sources */ = {
			isa = PBXSourcesBuildPhase;
			buildActionMask = 2147483647;
			files = (
				3CF2B7AD20B543FD0003956C /* ____demoUITests.m in Sources */,
			);
			runOnlyForDeploymentPostprocessing = 0;
		};
/* End PBXSourcesBuildPhase section */

/* Begin PBXTargetDependency section */
		3CF2B79F20B543FD0003956C /* PBXTargetDependency */ = {
			isa = PBXTargetDependency;
			target = 3CF2B78420B543FD0003956C /* 活体检测demo */;
			targetProxy = 3CF2B79E20B543FD0003956C /* PBXContainerItemProxy */;
		};
		3CF2B7AA20B543FD0003956C /* PBXTargetDependency */ = {
			isa = PBXTargetDependency;
			target = 3CF2B78420B543FD0003956C /* 活体检测demo */;
			targetProxy = 3CF2B7A920B543FD0003956C /* PBXContainerItemProxy */;
		};
/* End PBXTargetDependency section */

/* Begin PBXVariantGroup section */
		3CF2B78E20B543FD0003956C /* Main.storyboard */ = {
			isa = PBXVariantGroup;
			children = (
				3CF2B78F20B543FD0003956C /* Base */,
			);
			name = Main.storyboard;
			sourceTree = "<group>";
		};
		3CF2B79320B543FD0003956C /* LaunchScreen.storyboard */ = {
			isa = PBXVariantGroup;
			children = (
				3CF2B79420B543FD0003956C /* Base */,
			);
			name = LaunchScreen.storyboard;
			sourceTree = "<group>";
		};
/* End PBXVariantGroup section */

/* Begin XCBuildConfiguration section */
		3CF2B7AF20B543FD0003956C /* Debug */ = {
			isa = XCBuildConfiguration;
			buildSettings = {
				ALWAYS_SEARCH_USER_PATHS = NO;
				CLANG_ANALYZER_NONNULL = YES;
				CLANG_ANALYZER_NUMBER_OBJECT_CONVERSION = YES_AGGRESSIVE;
				CLANG_CXX_LANGUAGE_STANDARD = "gnu++14";
				CLANG_CXX_LIBRARY = "libc++";
				CLANG_ENABLE_MODULES = YES;
				CLANG_ENABLE_OBJC_ARC = YES;
				CLANG_WARN_BLOCK_CAPTURE_AUTORELEASING = YES;
				CLANG_WARN_BOOL_CONVERSION = YES;
				CLANG_WARN_COMMA = YES;
				CLANG_WARN_CONSTANT_CONVERSION = YES;
				CLANG_WARN_DIRECT_OBJC_ISA_USAGE = YES_ERROR;
				CLANG_WARN_DOCUMENTATION_COMMENTS = YES;
				CLANG_WARN_EMPTY_BODY = YES;
				CLANG_WARN_ENUM_CONVERSION = YES;
				CLANG_WARN_INFINITE_RECURSION = YES;
				CLANG_WARN_INT_CONVERSION = YES;
				CLANG_WARN_NON_LITERAL_NULL_CONVERSION = YES;
				CLANG_WARN_OBJC_LITERAL_CONVERSION = YES;
				CLANG_WARN_OBJC_ROOT_CLASS = YES_ERROR;
				CLANG_WARN_RANGE_LOOP_ANALYSIS = YES;
				CLANG_WARN_STRICT_PROTOTYPES = YES;
				CLANG_WARN_SUSPICIOUS_MOVE = YES;
				CLANG_WARN_UNGUARDED_AVAILABILITY = YES_AGGRESSIVE;
				CLANG_WARN_UNREACHABLE_CODE = YES;
				CLANG_WARN__DUPLICATE_METHOD_MATCH = YES;
				CODE_SIGN_IDENTITY = "iPhone Developer";
				COPY_PHASE_STRIP = NO;
				DEBUG_INFORMATION_FORMAT = dwarf;
				ENABLE_STRICT_OBJC_MSGSEND = YES;
				ENABLE_TESTABILITY = YES;
				GCC_C_LANGUAGE_STANDARD = gnu11;
				GCC_DYNAMIC_NO_PIC = NO;
				GCC_NO_COMMON_BLOCKS = YES;
				GCC_OPTIMIZATION_LEVEL = 0;
				GCC_PREPROCESSOR_DEFINITIONS = (
					"DEBUG=1",
					"$(inherited)",
				);
				GCC_WARN_64_TO_32_BIT_CONVERSION = YES;
				GCC_WARN_ABOUT_RETURN_TYPE = YES_ERROR;
				GCC_WARN_UNDECLARED_SELECTOR = YES;
				GCC_WARN_UNINITIALIZED_AUTOS = YES_AGGRESSIVE;
				GCC_WARN_UNUSED_FUNCTION = YES;
				GCC_WARN_UNUSED_VARIABLE = YES;
				IPHONEOS_DEPLOYMENT_TARGET = 11.2;
				MTL_ENABLE_DEBUG_INFO = YES;
				ONLY_ACTIVE_ARCH = YES;
				SDKROOT = iphoneos;
			};
			name = Debug;
		};
		3CF2B7B020B543FD0003956C /* Release */ = {
			isa = XCBuildConfiguration;
			buildSettings = {
				ALWAYS_SEARCH_USER_PATHS = NO;
				CLANG_ANALYZER_NONNULL = YES;
				CLANG_ANALYZER_NUMBER_OBJECT_CONVERSION = YES_AGGRESSIVE;
				CLANG_CXX_LANGUAGE_STANDARD = "gnu++14";
				CLANG_CXX_LIBRARY = "libc++";
				CLANG_ENABLE_MODULES = YES;
				CLANG_ENABLE_OBJC_ARC = YES;
				CLANG_WARN_BLOCK_CAPTURE_AUTORELEASING = YES;
				CLANG_WARN_BOOL_CONVERSION = YES;
				CLANG_WARN_COMMA = YES;
				CLANG_WARN_CONSTANT_CONVERSION = YES;
				CLANG_WARN_DIRECT_OBJC_ISA_USAGE = YES_ERROR;
				CLANG_WARN_DOCUMENTATION_COMMENTS = YES;
				CLANG_WARN_EMPTY_BODY = YES;
				CLANG_WARN_ENUM_CONVERSION = YES;
				CLANG_WARN_INFINITE_RECURSION = YES;
				CLANG_WARN_INT_CONVERSION = YES;
				CLANG_WARN_NON_LITERAL_NULL_CONVERSION = YES;
				CLANG_WARN_OBJC_LITERAL_CONVERSION = YES;
				CLANG_WARN_OBJC_ROOT_CLASS = YES_ERROR;
				CLANG_WARN_RANGE_LOOP_ANALYSIS = YES;
				CLANG_WARN_STRICT_PROTOTYPES = YES;
				CLANG_WARN_SUSPICIOUS_MOVE = YES;
				CLANG_WARN_UNGUARDED_AVAILABILITY = YES_AGGRESSIVE;
				CLANG_WARN_UNREACHABLE_CODE = YES;
				CLANG_WARN__DUPLICATE_METHOD_MATCH = YES;
				CODE_SIGN_IDENTITY = "iPhone Developer";
				COPY_PHASE_STRIP = NO;
				DEBUG_INFORMATION_FORMAT = "dwarf-with-dsym";
				ENABLE_NS_ASSERTIONS = NO;
				ENABLE_STRICT_OBJC_MSGSEND = YES;
				GCC_C_LANGUAGE_STANDARD = gnu11;
				GCC_NO_COMMON_BLOCKS = YES;
				GCC_WARN_64_TO_32_BIT_CONVERSION = YES;
				GCC_WARN_ABOUT_RETURN_TYPE = YES_ERROR;
				GCC_WARN_UNDECLARED_SELECTOR = YES;
				GCC_WARN_UNINITIALIZED_AUTOS = YES_AGGRESSIVE;
				GCC_WARN_UNUSED_FUNCTION = YES;
				GCC_WARN_UNUSED_VARIABLE = YES;
				IPHONEOS_DEPLOYMENT_TARGET = 11.2;
				MTL_ENABLE_DEBUG_INFO = NO;
				SDKROOT = iphoneos;
				VALIDATE_PRODUCT = YES;
			};
			name = Release;
		};
		3CF2B7B220B543FD0003956C /* Debug */ = {
			isa = XCBuildConfiguration;
			buildSettings = {
				ASSETCATALOG_COMPILER_APPICON_NAME = AppIcon;
				CODE_SIGN_STYLE = Automatic;
				DEVELOPMENT_TEAM = 6ZQHQRWV3J;
				INFOPLIST_FILE = "活体检测demo/Info.plist";
				LD_RUNPATH_SEARCH_PATHS = "$(inherited) @executable_path/Frameworks";
				PRODUCT_BUNDLE_IDENTIFIER = "yangfan.----demo";
				PRODUCT_NAME = "$(TARGET_NAME)";
				TARGETED_DEVICE_FAMILY = "1,2";
			};
			name = Debug;
		};
		3CF2B7B320B543FD0003956C /* Release */ = {
			isa = XCBuildConfiguration;
			buildSettings = {
				ASSETCATALOG_COMPILER_APPICON_NAME = AppIcon;
				CODE_SIGN_STYLE = Automatic;
				DEVELOPMENT_TEAM = 6ZQHQRWV3J;
				INFOPLIST_FILE = "活体检测demo/Info.plist";
				LD_RUNPATH_SEARCH_PATHS = "$(inherited) @executable_path/Frameworks";
				PRODUCT_BUNDLE_IDENTIFIER = "yangfan.----demo";
				PRODUCT_NAME = "$(TARGET_NAME)";
				TARGETED_DEVICE_FAMILY = "1,2";
			};
			name = Release;
		};
		3CF2B7B520B543FD0003956C /* Debug */ = {
			isa = XCBuildConfiguration;
			buildSettings = {
				BUNDLE_LOADER = "$(TEST_HOST)";
				CODE_SIGN_STYLE = Automatic;
				DEVELOPMENT_TEAM = 6ZQHQRWV3J;
				INFOPLIST_FILE = "活体检测demoTests/Info.plist";
				LD_RUNPATH_SEARCH_PATHS = "$(inherited) @executable_path/Frameworks @loader_path/Frameworks";
				PRODUCT_BUNDLE_IDENTIFIER = "yangfan.----demoTests";
				PRODUCT_NAME = "$(TARGET_NAME)";
				TARGETED_DEVICE_FAMILY = "1,2";
				TEST_HOST = "$(BUILT_PRODUCTS_DIR)/活体检测demo.app/活体检测demo";
			};
			name = Debug;
		};
		3CF2B7B620B543FD0003956C /* Release */ = {
			isa = XCBuildConfiguration;
			buildSettings = {
				BUNDLE_LOADER = "$(TEST_HOST)";
				CODE_SIGN_STYLE = Automatic;
				DEVELOPMENT_TEAM = 6ZQHQRWV3J;
				INFOPLIST_FILE = "活体检测demoTests/Info.plist";
				LD_RUNPATH_SEARCH_PATHS = "$(inherited) @executable_path/Frameworks @loader_path/Frameworks";
				PRODUCT_BUNDLE_IDENTIFIER = "yangfan.----demoTests";
				PRODUCT_NAME = "$(TARGET_NAME)";
				TARGETED_DEVICE_FAMILY = "1,2";
				TEST_HOST = "$(BUILT_PRODUCTS_DIR)/活体检测demo.app/活体检测demo";
			};
			name = Release;
		};
		3CF2B7B820B543FD0003956C /* Debug */ = {
			isa = XCBuildConfiguration;
			buildSettings = {
				CODE_SIGN_STYLE = Automatic;
				DEVELOPMENT_TEAM = 6ZQHQRWV3J;
				INFOPLIST_FILE = "活体检测demoUITests/Info.plist";
				LD_RUNPATH_SEARCH_PATHS = "$(inherited) @executable_path/Frameworks @loader_path/Frameworks";
				PRODUCT_BUNDLE_IDENTIFIER = "yangfan.----demoUITests";
				PRODUCT_NAME = "$(TARGET_NAME)";
				TARGETED_DEVICE_FAMILY = "1,2";
				TEST_TARGET_NAME = "活体检测demo";
			};
			name = Debug;
		};
		3CF2B7B920B543FD0003956C /* Release */ = {
			isa = XCBuildConfiguration;
			buildSettings = {
				CODE_SIGN_STYLE = Automatic;
				DEVELOPMENT_TEAM = 6ZQHQRWV3J;
				INFOPLIST_FILE = "活体检测demoUITests/Info.plist";
				LD_RUNPATH_SEARCH_PATHS = "$(inherited) @executable_path/Frameworks @loader_path/Frameworks";
				PRODUCT_BUNDLE_IDENTIFIER = "yangfan.----demoUITests";
				PRODUCT_NAME = "$(TARGET_NAME)";
				TARGETED_DEVICE_FAMILY = "1,2";
				TEST_TARGET_NAME = "活体检测demo";
			};
			name = Release;
		};
/* End XCBuildConfiguration section */

/* Begin XCConfigurationList section */
		3CF2B78020B543FD0003956C /* Build configuration list for PBXProject "活体检测demo" */ = {
			isa = XCConfigurationList;
			buildConfigurations = (
				3CF2B7AF20B543FD0003956C /* Debug */,
				3CF2B7B020B543FD0003956C /* Release */,
			);
			defaultConfigurationIsVisible = 0;
			defaultConfigurationName = Release;
		};
		3CF2B7B120B543FD0003956C /* Build configuration list for PBXNativeTarget "活体检测demo" */ = {
			isa = XCConfigurationList;
			buildConfigurations = (
				3CF2B7B220B543FD0003956C /* Debug */,
				3CF2B7B320B543FD0003956C /* Release */,
			);
			defaultConfigurationIsVisible = 0;
			defaultConfigurationName = Release;
		};
		3CF2B7B420B543FD0003956C /* Build configuration list for PBXNativeTarget "活体检测demoTests" */ = {
			isa = XCConfigurationList;
			buildConfigurations = (
				3CF2B7B520B543FD0003956C /* Debug */,
				3CF2B7B620B543FD0003956C /* Release */,
			);
			defaultConfigurationIsVisible = 0;
			defaultConfigurationName = Release;
		};
		3CF2B7B720B543FD0003956C /* Build configuration list for PBXNativeTarget "活体检测demoUITests" */ = {
			isa = XCConfigurationList;
			buildConfigurations = (
				3CF2B7B820B543FD0003956C /* Debug */,
				3CF2B7B920B543FD0003956C /* Release */,
			);
			defaultConfigurationIsVisible = 0;
			defaultConfigurationName = Release;
		};
/* End XCConfigurationList section */
	};
	rootObject = 3CF2B77D20B543FD0003956C /* Project object */;
}
